
Microsoft Visual Studio Solution File, Format Version 12.00
# Visual Studio 15
VisualStudioVersion = 15.0.27130.2027
MinimumVisualStudioVersion = 10.0.40219.1
Project("{FAE04EC0-301F-11D3-BF4B-00C04F79EFBC}") = "otoparkÖdevi", "otoparkÖdevi\otoparkÖdevi.csproj", "{307BF046-38AC-467E-9F04-8DCA109D3835}"
EndProject
Global
	GlobalSection(SolutionConfigurationPlatforms) = preSolution
		Debug|Any CPU = Debug|Any CPU
		Release|Any CPU = Release|Any CPU
	EndGlobalSection
	GlobalSection(ProjectConfigurationPlatforms) = postSolution
		{307BF046-38AC-467E-9F04-8DCA109D3835}.Debug|Any CPU.ActiveCfg = Debug|Any CPU
		{307BF046-38AC-467E-9F04-8DCA109D3835}.Debug|Any CPU.Build.0 = Debug|Any CPU
		{307BF046-38AC-467E-9F04-8DCA109D3835}.Release|Any CPU.ActiveCfg = Release|Any CPU
		{307BF046-38AC-467E-9F04-8DCA109D3835}.Release|Any CPU.Build.0 = Release|Any CPU
	EndGlobalSection
	GlobalSection(SolutionProperties) = preSolution
		HideSolutionNode = FALSE
	EndGlobalSection
	GlobalSection(ExtensibilityGlobals) = postSolution
		SolutionGuid = {BEE4185E-5A7D-4F6F-A3FF-25A3BEC367F3}
	EndGlobalSection
EndGlobal
